
Microsoft Visual Studio Solution File, Format Version 12.00
# Visual Studio 15
VisualStudioVersion = 15.0.27130.2010
MinimumVisualStudioVersion = 10.0.40219.1
Project("{FAE04EC0-301F-11D3-BF4B-00C04F79EFBC}") = "DDACUkraineAirlines", "DDACUkraineAirlines\DDACUkraineAirlines.csproj", "{FF951C96-2E09-479F-B687-347A74BC9B8F}"
EndProject
Global
	GlobalSection(SolutionConfigurationPlatforms) = preSolution
		Debug|Any CPU = Debug|Any CPU
		Release|Any CPU = Release|Any CPU
	EndGlobalSection
	GlobalSection(ProjectConfigurationPlatforms) = postSolution
		{FF951C96-2E09-479F-B687-347A74BC9B8F}.Debug|Any CPU.ActiveCfg = Debug|Any CPU
		{FF951C96-2E09-479F-B687-347A74BC9B8F}.Debug|Any CPU.Build.0 = Debug|Any CPU
		{FF951C96-2E09-479F-B687-347A74BC9B8F}.Release|Any CPU.ActiveCfg = Release|Any CPU
		{FF951C96-2E09-479F-B687-347A74BC9B8F}.Release|Any CPU.Build.0 = Release|Any CPU
	EndGlobalSection
	GlobalSection(SolutionProperties) = preSolution
		HideSolutionNode = FALSE
	EndGlobalSection
	GlobalSection(ExtensibilityGlobals) = postSolution
		SolutionGuid = {F95D3A62-433B-43D3-9B5C-420134BECFA6}
	EndGlobalSection
EndGlobal
